####################################################################################################################################################################################
Microsoft Visual Studio Solution File, Format Version 12.00
# Visual Studio Version 16
VisualStudioVersion = 16.0.30225.117
MinimumVisualStudioVersion = 10.0.40219.1
Project("{FAE04EC0-301F-11D3-BF4B-00C04F79EFBC}") = "NikeClone", "NikeClone\NikeClone.csproj", "{71597B5E-7C34-4E59-B24E-A6371A2EB730}"
EndProject
Global
	GlobalSection(SolutionConfigurationPlatforms) = preSolution
		Debug|Any CPU = Debug|Any CPU
		Release|Any CPU = Release|Any CPU
	EndGlobalSection
	GlobalSection(ProjectConfigurationPlatforms) = postSolution
		{71597B5E-7C34-4E59-B24E-A6371A2EB730}.Debug|Any CPU.ActiveCfg = Debug|Any CPU
		{71597B5E-7C34-4E59-B24E-A6371A2EB730}.Debug|Any CPU.Build.0 = Debug|Any CPU
		{71597B5E-7C34-4E59-B24E-A6371A2EB730}.Release|Any CPU.ActiveCfg = Release|Any CPU
		{71597B5E-7C34-4E59-B24E-A6371A2EB730}.Release|Any CPU.Build.0 = Release|Any CPU
	EndGlobalSection
	GlobalSection(SolutionProperties) = preSolution
		HideSolutionNode = FALSE
	EndGlobalSection
	GlobalSection(ExtensibilityGlobals) = postSolution
		SolutionGuid = {E77B384E-7EC7-43C0-8EA1-91822FC58A57}
	EndGlobalSection
EndGlobal
